
Microsoft Visual Studio Solution File, Format Version 12.00
# Visual Studio Version 17
VisualStudioVersion = 17.2.32630.192
MinimumVisualStudioVersion = 10.0.40219.1
Project("{FAE04EC0-301F-11D3-BF4B-00C04F79EFBC}") = "Free WARP+", "Free WARP+\Free WARP+.csproj", "{ECDB83BB-02CB-49E2-81E1-081058486B54}"
EndProject
Global
	GlobalSection(SolutionConfigurationPlatforms) = preSolution
		Debug|Any CPU = Debug|Any CPU
		Debug|x64 = Debug|x64
		Release|Any CPU = Release|Any CPU
		Release|x64 = Release|x64
	EndGlobalSection
	GlobalSection(ProjectConfigurationPlatforms) = postSolution
		{ECDB83BB-02CB-49E2-81E1-081058486B54}.Debug|Any CPU.ActiveCfg = Debug|Any CPU
		{ECDB83BB-02CB-49E2-81E1-081058486B54}.Debug|Any CPU.Build.0 = Debug|Any CPU
		{ECDB83BB-02CB-49E2-81E1-081058486B54}.Debug|x64.ActiveCfg = Debug|x64
		{ECDB83BB-02CB-49E2-81E1-081058486B54}.Debug|x64.Build.0 = Debug|x64
		{ECDB83BB-02CB-49E2-81E1-081058486B54}.Release|Any CPU.ActiveCfg = Release|Any CPU
		{ECDB83BB-02CB-49E2-81E1-081058486B54}.Release|Any CPU.Build.0 = Release|Any CPU
		{ECDB83BB-02CB-49E2-81E1-081058486B54}.Release|x64.ActiveCfg = Release|x64
		{ECDB83BB-02CB-49E2-81E1-081058486B54}.Release|x64.Build.0 = Release|x64
	EndGlobalSection
	GlobalSection(SolutionProperties) = preSolution
		HideSolutionNode = FALSE
	EndGlobalSection
	GlobalSection(ExtensibilityGlobals) = postSolution
		SolutionGuid = {810A8126-2D92-40E3-8E76-99D3779D0E8B}
	EndGlobalSection
EndGlobal
